# This file is generated by running "yarn install" inside your project.
# Manual changes might be lost - proceed with caution!

__metadata:
  version: 8
  cacheKey: 10c0

"@discordjs/collection@npm:^1.5.1":
  version: 1.5.1
  resolution: "@discordjs/collection@npm:1.5.1"
  checksum: c77190b03741052dfec187baff2a62df545df16ef96a38f2e3a8f13eabff86f2605ba488c7cd65281cb7b428fb3d6ab9377545201cab0b1281fb553674c35588
  languageName: node
  linkType: hard

"@guildedjs/api@npm:0.3.2":
  version: 0.3.2
  resolution: "@guildedjs/api@npm:0.3.2"
  dependencies:
    "@types/ws": "npm:8.5.4"
    form-data: "npm:^4.0.0"
    node-fetch: "npm:2.6.11"
    qs: "npm:^6.11.2"
    typed-emitter: "npm:2.1.0"
    ws: "npm:8.13.0"
  checksum: baa2bbe6ebb084814fab354bbb38bbcaea6c5624b92f703d5afba55568930b1140bf70ab4ba522ef886d1f9d95c1f9ca95d959051ccb1d3f27220aac59639f3e
  languageName: node
  linkType: hard

"@mongodb-js/saslprep@npm:^1.1.0":
  version: 1.1.1
  resolution: "@mongodb-js/saslprep@npm:1.1.1"
  dependencies:
    sparse-bitfield: "npm:^3.0.3"
  checksum: b59fb1ed62b1a31ad26bbca8a5d81a4f4c0b880c95616a3650f6eb57f27b6ae83e5597fd6a63ddf899d4ace6979a79eb0024f50d33d871ef7f93f73f1106e816
  languageName: node
  linkType: hard

"@types/node@npm:*":
  version: 20.2.5
  resolution: "@types/node@npm:20.2.5"
  checksum: 1c3db8a4ceb5e5d12e7cb140e37c14a16ce013084c6d65579b91cefbe0ecaca57d85093d968172b11c3d1d95bcbc5d972b08aa3dc3935206fb39bc6c10751102
  languageName: node
  linkType: hard

"@types/webidl-conversions@npm:*":
  version: 7.0.3
  resolution: "@types/webidl-conversions@npm:7.0.3"
  checksum: ac2ccff93b95ac7c8ca73dc6064403181691bba7ea144296f462dc9108a07be16cbad7b9c704b3df706dcc5a117e1f7bf7fb27aeb75b09c0f3148de8aee11aff
  languageName: node
  linkType: hard

"@types/whatwg-url@npm:^11.0.2":
  version: 11.0.3
  resolution: "@types/whatwg-url@npm:11.0.3"
  dependencies:
    "@types/webidl-conversions": "npm:*"
  checksum: 99dd4e2f0f6270c91cadb206c9241964391b7cbd47a669af73a161334ce251227be9bdac04fcfb57a51fc3d6cdb139767da5b3e1cd6e345c063616bd1b63d241
  languageName: node
  linkType: hard

"@types/ws@npm:8.5.4":
  version: 8.5.4
  resolution: "@types/ws@npm:8.5.4"
  dependencies:
    "@types/node": "npm:*"
  checksum: dd8bde7d69296037b5053d9c644ce3a86a988e6cb8a632e36f5040e9e274c8879a10c13ac7fe163e4eb11a85f5b8c46fe6ce5f257b80cc93118494336f4e26c6
  languageName: node
  linkType: hard

"asynckit@npm:^0.4.0":
  version: 0.4.0
  resolution: "asynckit@npm:0.4.0"
  checksum: d73e2ddf20c4eb9337e1b3df1a0f6159481050a5de457c55b14ea2e5cb6d90bb69e004c9af54737a5ee0917fcf2c9e25de67777bbe58261847846066ba75bc9d
  languageName: node
  linkType: hard

"bson@npm:^6.2.0":
  version: 6.2.0
  resolution: "bson@npm:6.2.0"
  checksum: 90f447dbafc97cf84cadcb75fa0fe1eecdcb396492ce3d47b1fbf2e6e2ce88bfcf92d62e491e1a70c2fc4a1bf7825d6ce53ba75ed3359c772c41b93ff84db410
  languageName: node
  linkType: hard

"call-bind@npm:^1.0.0":
  version: 1.0.2
  resolution: "call-bind@npm:1.0.2"
  dependencies:
    function-bind: "npm:^1.1.1"
    get-intrinsic: "npm:^1.0.2"
  checksum: 74ba3f31e715456e22e451d8d098779b861eba3c7cac0d9b510049aced70d75c231ba05071f97e1812c98e34e2bee734c0c6126653e0088c2d9819ca047f4073
  languageName: node
  linkType: hard

"combined-stream@npm:^1.0.8":
  version: 1.0.8
  resolution: "combined-stream@npm:1.0.8"
  dependencies:
    delayed-stream: "npm:~1.0.0"
  checksum: 0dbb829577e1b1e839fa82b40c07ffaf7de8a09b935cadd355a73652ae70a88b4320db322f6634a4ad93424292fa80973ac6480986247f1734a1137debf271d5
  languageName: node
  linkType: hard

"delayed-stream@npm:~1.0.0":
  version: 1.0.0
  resolution: "delayed-stream@npm:1.0.0"
  checksum: d758899da03392e6712f042bec80aa293bbe9e9ff1b2634baae6a360113e708b91326594c8a486d475c69d6259afb7efacdc3537bfcda1c6c648e390ce601b19
  languageName: node
  linkType: hard

"dotenv@npm:^16.4.5":
  version: 16.4.5
  resolution: "dotenv@npm:16.4.5"
  checksum: 48d92870076832af0418b13acd6e5a5a3e83bb00df690d9812e94b24aff62b88ade955ac99a05501305b8dc8f1b0ee7638b18493deb6fe93d680e5220936292f
  languageName: node
  linkType: hard

"edward-bot@workspace:.":
  version: 0.0.0-use.local
  resolution: "edward-bot@workspace:."
  dependencies:
    dotenv: "npm:^16.4.5"
    guilded.js: "npm:^0.23.7"
    moment: "npm:^2.30.1"
    moment-duration-format: "npm:^2.3.2"
    mongodb: "npm:^6.3.0"
  languageName: unknown
  linkType: soft

"form-data@npm:^4.0.0":
  version: 4.0.0
  resolution: "form-data@npm:4.0.0"
  dependencies:
    asynckit: "npm:^0.4.0"
    combined-stream: "npm:^1.0.8"
    mime-types: "npm:^2.1.12"
  checksum: cb6f3ac49180be03ff07ba3ff125f9eba2ff0b277fb33c7fc47569fc5e616882c5b1c69b9904c4c4187e97dd0419dd03b134174756f296dec62041e6527e2c6e
  languageName: node
  linkType: hard

"function-bind@npm:^1.1.1":
  version: 1.1.1
  resolution: "function-bind@npm:1.1.1"
  checksum: 60b74b2407e1942e1ed7f8c284f8ef714d0689dcfce5319985a5b7da3fc727f40b4a59ec72dc55aa83365ad7b8fa4fac3a30d93c850a2b452f29ae03dbc10a1e
  languageName: node
  linkType: hard

"get-intrinsic@npm:^1.0.2":
  version: 1.2.1
  resolution: "get-intrinsic@npm:1.2.1"
  dependencies:
    function-bind: "npm:^1.1.1"
    has: "npm:^1.0.3"
    has-proto: "npm:^1.0.1"
    has-symbols: "npm:^1.0.3"
  checksum: 49eab47f9de8f1a4f9b458b8b74ee5199fb2614414a91973eb175e07db56b52b6df49b255cc7ff704cb0786490fb93bfe8f2ad138b590a8de09b47116a366bc9
  languageName: node
  linkType: hard

"guilded.js@npm:^0.23.7":
  version: 0.23.7
  resolution: "guilded.js@npm:0.23.7"
  dependencies:
    "@discordjs/collection": "npm:^1.5.1"
    "@guildedjs/api": "npm:0.3.2"
    typed-emitter: "npm:2.1.0"
  checksum: 94706138320234cd81195b7d286d324daa42bbdf1c10d7395f0dcfc8ce2eb6ea1cfebffc6ed901091bbc2ddd5cff065bcd9720dd672200f47f2143d642664cd6
  languageName: node
  linkType: hard

"has-proto@npm:^1.0.1":
  version: 1.0.1
  resolution: "has-proto@npm:1.0.1"
  checksum: c8a8fe411f810b23a564bd5546a8f3f0fff6f1b692740eb7a2fdc9df716ef870040806891e2f23ff4653f1083e3895bf12088703dd1a0eac3d9202d3a4768cd0
  languageName: node
  linkType: hard

"has-symbols@npm:^1.0.3":
  version: 1.0.3
  resolution: "has-symbols@npm:1.0.3"
  checksum: e6922b4345a3f37069cdfe8600febbca791c94988c01af3394d86ca3360b4b93928bbf395859158f88099cb10b19d98e3bbab7c9ff2c1bd09cf665ee90afa2c3
  languageName: node
  linkType: hard

"has@npm:^1.0.3":
  version: 1.0.3
  resolution: "has@npm:1.0.3"
  dependencies:
    function-bind: "npm:^1.1.1"
  checksum: e1da0d2bd109f116b632f27782cf23182b42f14972ca9540e4c5aa7e52647407a0a4a76937334fddcb56befe94a3494825ec22b19b51f5e5507c3153fd1a5e1b
  languageName: node
  linkType: hard

"memory-pager@npm:^1.0.2":
  version: 1.5.0
  resolution: "memory-pager@npm:1.5.0"
  checksum: 2596e80c99fee24f05bd8a20cde2ee899012c996f4ec361ac76ed6f009f34149d733ac6f76880106ccd6a66d062ad439357578d383d429df66ba1278f68806e9
  languageName: node
  linkType: hard

"mime-db@npm:1.52.0":
  version: 1.52.0
  resolution: "mime-db@npm:1.52.0"
  checksum: 0557a01deebf45ac5f5777fe7740b2a5c309c6d62d40ceab4e23da9f821899ce7a900b7ac8157d4548ddbb7beffe9abc621250e6d182b0397ec7f10c7b91a5aa
  languageName: node
  linkType: hard

"mime-types@npm:^2.1.12":
  version: 2.1.35
  resolution: "mime-types@npm:2.1.35"
  dependencies:
    mime-db: "npm:1.52.0"
  checksum: 82fb07ec56d8ff1fc999a84f2f217aa46cb6ed1033fefaabd5785b9a974ed225c90dc72fff460259e66b95b73648596dbcc50d51ed69cdf464af2d237d3149b2
  languageName: node
  linkType: hard

"moment-duration-format@npm:^2.3.2":
  version: 2.3.2
  resolution: "moment-duration-format@npm:2.3.2"
  checksum: c1783bdfaeb92400972845d62418b97bc38b53a85ecc222a36b4c2713fad64f628c70fa35834aa88487a6f4423fe02bfa08377506cfe217aeadcb86c19834da2
  languageName: node
  linkType: hard

"moment@npm:^2.30.1":
  version: 2.30.1
  resolution: "moment@npm:2.30.1"
  checksum: 865e4279418c6de666fca7786607705fd0189d8a7b7624e2e56be99290ac846f90878a6f602e34b4e0455c549b85385b1baf9966845962b313699e7cb847543a
  languageName: node
  linkType: hard

"mongodb-connection-string-url@npm:^3.0.0":
  version: 3.0.0
  resolution: "mongodb-connection-string-url@npm:3.0.0"
  dependencies:
    "@types/whatwg-url": "npm:^11.0.2"
    whatwg-url: "npm:^13.0.0"
  checksum: f2b779f51869da20b2ba2af5157a1d04376be938241fee741c0a0572ecbbd4c97f169fb2b33d19eec5c9537e0d9a6c48e6d4cc8cc3b6b330ab57159760f6a4cf
  languageName: node
  linkType: hard

"mongodb@npm:^6.3.0":
  version: 6.3.0
  resolution: "mongodb@npm:6.3.0"
  dependencies:
    "@mongodb-js/saslprep": "npm:^1.1.0"
    bson: "npm:^6.2.0"
    mongodb-connection-string-url: "npm:^3.0.0"
  peerDependencies:
    "@aws-sdk/credential-providers": ^3.188.0
    "@mongodb-js/zstd": ^1.1.0
    gcp-metadata: ^5.2.0
    kerberos: ^2.0.1
    mongodb-client-encryption: ">=6.0.0 <7"
    snappy: ^7.2.2
    socks: ^2.7.1
  peerDependenciesMeta:
    "@aws-sdk/credential-providers":
      optional: true
    "@mongodb-js/zstd":
      optional: true
    gcp-metadata:
      optional: true
    kerberos:
      optional: true
    mongodb-client-encryption:
      optional: true
    snappy:
      optional: true
    socks:
      optional: true
  checksum: e846c941b739c503b34c02500db56f966fdb8930420db24214d4305ac987415464ebc9eefaf5da1ffb7521844fc733177433b4cc7ba43c423f55eed4f2670cfe
  languageName: node
  linkType: hard

"node-fetch@npm:2.6.11":
  version: 2.6.11
  resolution: "node-fetch@npm:2.6.11"
  dependencies:
    whatwg-url: "npm:^5.0.0"
  peerDependencies:
    encoding: ^0.1.0
  peerDependenciesMeta:
    encoding:
      optional: true
  checksum: 3ec847ca43f678d07b80abfd85bdf06523c2554ee9a494c992c5fc61f5d9cde9f9f16aa33ff09a62f19eee9d54813b8850d7f054cdfee8b2daf789c57f8eeaea
  languageName: node
  linkType: hard

"object-inspect@npm:^1.9.0":
  version: 1.12.3
  resolution: "object-inspect@npm:1.12.3"
  checksum: 752bb5f4dc595e214157ea8f442adb77bdb850ace762b078d151d8b6486331ab12364997a89ee6509be1023b15adf2b3774437a7105f8a5043dfda11ed622411
  languageName: node
  linkType: hard

"punycode@npm:^2.3.0":
  version: 2.3.1
  resolution: "punycode@npm:2.3.1"
  checksum: 14f76a8206bc3464f794fb2e3d3cc665ae416c01893ad7a02b23766eb07159144ee612ad67af5e84fa4479ccfe67678c4feb126b0485651b302babf66f04f9e9
  languageName: node
  linkType: hard

"qs@npm:^6.11.2":
  version: 6.11.2
  resolution: "qs@npm:6.11.2"
  dependencies:
    side-channel: "npm:^1.0.4"
  checksum: 4f95d4ff18ed480befcafa3390022817ffd3087fc65f146cceb40fc5edb9fa96cb31f648cae2fa96ca23818f0798bd63ad4ca369a0e22702fcd41379b3ab6571
  languageName: node
  linkType: hard

"rxjs@npm:*":
  version: 7.8.1
  resolution: "rxjs@npm:7.8.1"
  dependencies:
    tslib: "npm:^2.1.0"
  checksum: 3c49c1ecd66170b175c9cacf5cef67f8914dcbc7cd0162855538d365c83fea631167cacb644b3ce533b2ea0e9a4d0b12175186985f89d75abe73dbd8f7f06f68
  languageName: node
  linkType: hard

"side-channel@npm:^1.0.4":
  version: 1.0.4
  resolution: "side-channel@npm:1.0.4"
  dependencies:
    call-bind: "npm:^1.0.0"
    get-intrinsic: "npm:^1.0.2"
    object-inspect: "npm:^1.9.0"
  checksum: 054a5d23ee35054b2c4609b9fd2a0587760737782b5d765a9c7852264710cc39c6dcb56a9bbd6c12cd84071648aea3edb2359d2f6e560677eedadce511ac1da5
  languageName: node
  linkType: hard

"sparse-bitfield@npm:^3.0.3":
  version: 3.0.3
  resolution: "sparse-bitfield@npm:3.0.3"
  dependencies:
    memory-pager: "npm:^1.0.2"
  checksum: 248c6ff7b5e354735e1daac4059222a29c9d291dfcf265daf675d13515eeaac454cfcccd687c8d134f86698b39abd7ad4d7434f7272dd6f8e41a00f21aae4194
  languageName: node
  linkType: hard

"tr46@npm:^4.1.1":
  version: 4.1.1
  resolution: "tr46@npm:4.1.1"
  dependencies:
    punycode: "npm:^2.3.0"
  checksum: 92085dcf186f56a49ba4124a581d9ae6a5d0cd4878107c34e2e670b9ddc49da85e4950084bb3e75015195cc23f37ae1c02d45064e94dd6018f5e789aa51d93a8
  languageName: node
  linkType: hard

"tr46@npm:~0.0.3":
  version: 0.0.3
  resolution: "tr46@npm:0.0.3"
  checksum: 047cb209a6b60c742f05c9d3ace8fa510bff609995c129a37ace03476a9b12db4dbf975e74600830ef0796e18882b2381fb5fb1f6b4f96b832c374de3ab91a11
  languageName: node
  linkType: hard

"tslib@npm:^2.1.0":
  version: 2.5.2
  resolution: "tslib@npm:2.5.2"
  checksum: 34fa100454708fa8acb7afc2b07d80e0332081e2075ddd912ba959af3b24f969663dac6d602961e57371dc05683badb83b3186ada92c4631ec777e02e3aab608
  languageName: node
  linkType: hard

"typed-emitter@npm:2.1.0":
  version: 2.1.0
  resolution: "typed-emitter@npm:2.1.0"
  dependencies:
    rxjs: "npm:*"
  dependenciesMeta:
    rxjs:
      optional: true
  checksum: 01fc354ba8e87bd39b1bf4fe1c96fe7ecff7fde83161003b0f8c7f4b285a368052e185ba655dd8c102c4445301b7a1e032c8972f181b440fc95bd810450f1314
  languageName: node
  linkType: hard

"webidl-conversions@npm:^3.0.0":
  version: 3.0.1
  resolution: "webidl-conversions@npm:3.0.1"
  checksum: 5612d5f3e54760a797052eb4927f0ddc01383550f542ccd33d5238cfd65aeed392a45ad38364970d0a0f4fea32e1f4d231b3d8dac4a3bdd385e5cf802ae097db
  languageName: node
  linkType: hard

"webidl-conversions@npm:^7.0.0":
  version: 7.0.0
  resolution: "webidl-conversions@npm:7.0.0"
  checksum: 228d8cb6d270c23b0720cb2d95c579202db3aaf8f633b4e9dd94ec2000a04e7e6e43b76a94509cdb30479bd00ae253ab2371a2da9f81446cc313f89a4213a2c4
  languageName: node
  linkType: hard

"whatwg-url@npm:^13.0.0":
  version: 13.0.0
  resolution: "whatwg-url@npm:13.0.0"
  dependencies:
    tr46: "npm:^4.1.1"
    webidl-conversions: "npm:^7.0.0"
  checksum: 06b0c1808bb80eaab6582087bd8be594a1947843cbb0ce1a90635841a549a5849dff5be2b28f5b1b596ef70ea4c3df5c599d35b160899d12343334149851e688
  languageName: node
  linkType: hard

"whatwg-url@npm:^5.0.0":
  version: 5.0.0
  resolution: "whatwg-url@npm:5.0.0"
  dependencies:
    tr46: "npm:~0.0.3"
    webidl-conversions: "npm:^3.0.0"
  checksum: 1588bed84d10b72d5eec1d0faa0722ba1962f1821e7539c535558fb5398d223b0c50d8acab950b8c488b4ba69043fd833cc2697056b167d8ad46fac3995a55d5
  languageName: node
  linkType: hard

"ws@npm:8.13.0":
  version: 8.13.0
  resolution: "ws@npm:8.13.0"
  peerDependencies:
    bufferutil: ^4.0.1
    utf-8-validate: ">=5.0.2"
  peerDependenciesMeta:
    bufferutil:
      optional: true
    utf-8-validate:
      optional: true
  checksum: 579817dbbab3ee46669129c220cfd81ba6cdb9ab5c3e9a105702dd045743c4ab72e33bb384573827c0c481213417cc880e41bc097e0fc541a0b79fa3eb38207d
  languageName: node
  linkType: hard
