# This file is generated by running "yarn install" inside your project.
# Manual changes might be lost - proceed with caution!

__metadata:
  version: 8
  cacheKey: 10c0

"@discordjs/collection@npm:^1.5.1":
  version: 1.5.1
  resolution: "@discordjs/collection@npm:1.5.1"
  checksum: 10c0/c77190b03741052dfec187baff2a62df545df16ef96a38f2e3a8f13eabff86f2605ba488c7cd65281cb7b428fb3d6ab9377545201cab0b1281fb553674c35588
  languageName: node
  linkType: hard

"@guildedjs/api@npm:0.3.3":
  version: 0.3.3
  resolution: "@guildedjs/api@npm:0.3.3"
  dependencies:
    "@types/ws": "npm:8.5.4"
    form-data: "npm:^4.0.0"
    node-fetch: "npm:2.6.11"
    qs: "npm:^6.11.2"
    typed-emitter: "npm:2.1.0"
    ws: "npm:8.13.0"
  checksum: 10c0/3c8c58dbbaae238ee0e2f3b87ff0f0cae024afc3bbdd73eae5adadd306a31db7d33908119214ff25c96bcb3a7787a7308960e290ea07d5441c7cb46935a043b0
  languageName: node
  linkType: hard

"@mongodb-js/saslprep@npm:^1.1.5":
  version: 1.1.5
  resolution: "@mongodb-js/saslprep@npm:1.1.5"
  dependencies:
    sparse-bitfield: "npm:^3.0.3"
  checksum: 10c0/482ae24d1d8e27dc5f2cdbc2dd9f75c32329c0e4804d93725c894b327322731051832abfa73e36399d7fcef50f2c6364077889d0c8b5ed8353e3364ea0b2a323
  languageName: node
  linkType: hard

"@types/node@npm:*":
  version: 20.2.5
  resolution: "@types/node@npm:20.2.5"
  checksum: 10c0/1c3db8a4ceb5e5d12e7cb140e37c14a16ce013084c6d65579b91cefbe0ecaca57d85093d968172b11c3d1d95bcbc5d972b08aa3dc3935206fb39bc6c10751102
  languageName: node
  linkType: hard

"@types/signale@npm:^1.4.7":
  version: 1.4.7
  resolution: "@types/signale@npm:1.4.7"
  dependencies:
    "@types/node": "npm:*"
  checksum: 10c0/deff3ccc072c7cdb5b97242799c45a5f477ee20a1150b0798e8e88ecb0cd266466ef25a535892ce672cb7ea7904024a1d58ab7492e58df5854ad519c4f72e518
  languageName: node
  linkType: hard

"@types/webidl-conversions@npm:*":
  version: 7.0.3
  resolution: "@types/webidl-conversions@npm:7.0.3"
  checksum: 10c0/ac2ccff93b95ac7c8ca73dc6064403181691bba7ea144296f462dc9108a07be16cbad7b9c704b3df706dcc5a117e1f7bf7fb27aeb75b09c0f3148de8aee11aff
  languageName: node
  linkType: hard

"@types/whatwg-url@npm:^11.0.2":
  version: 11.0.3
  resolution: "@types/whatwg-url@npm:11.0.3"
  dependencies:
    "@types/webidl-conversions": "npm:*"
  checksum: 10c0/99dd4e2f0f6270c91cadb206c9241964391b7cbd47a669af73a161334ce251227be9bdac04fcfb57a51fc3d6cdb139767da5b3e1cd6e345c063616bd1b63d241
  languageName: node
  linkType: hard

"@types/ws@npm:8.5.4":
  version: 8.5.4
  resolution: "@types/ws@npm:8.5.4"
  dependencies:
    "@types/node": "npm:*"
  checksum: 10c0/dd8bde7d69296037b5053d9c644ce3a86a988e6cb8a632e36f5040e9e274c8879a10c13ac7fe163e4eb11a85f5b8c46fe6ce5f257b80cc93118494336f4e26c6
  languageName: node
  linkType: hard

"ansi-styles@npm:^3.2.1":
  version: 3.2.1
  resolution: "ansi-styles@npm:3.2.1"
  dependencies:
    color-convert: "npm:^1.9.0"
  checksum: 10c0/ece5a8ef069fcc5298f67e3f4771a663129abd174ea2dfa87923a2be2abf6cd367ef72ac87942da00ce85bd1d651d4cd8595aebdb1b385889b89b205860e977b
  languageName: node
  linkType: hard

"asynckit@npm:^0.4.0":
  version: 0.4.0
  resolution: "asynckit@npm:0.4.0"
  checksum: 10c0/d73e2ddf20c4eb9337e1b3df1a0f6159481050a5de457c55b14ea2e5cb6d90bb69e004c9af54737a5ee0917fcf2c9e25de67777bbe58261847846066ba75bc9d
  languageName: node
  linkType: hard

"axios@npm:^1.6.5":
  version: 1.6.8
  resolution: "axios@npm:1.6.8"
  dependencies:
    follow-redirects: "npm:^1.15.6"
    form-data: "npm:^4.0.0"
    proxy-from-env: "npm:^1.1.0"
  checksum: 10c0/0f22da6f490335479a89878bc7d5a1419484fbb437b564a80c34888fc36759ae4f56ea28d55a191695e5ed327f0bad56e7ff60fb6770c14d1be6501505d47ab9
  languageName: node
  linkType: hard

"bson@npm:^6.4.0":
  version: 6.6.0
  resolution: "bson@npm:6.6.0"
  checksum: 10c0/cb1690c6a72fbda88bc6af97540d5152d8f5c7ce3f004012b3dc8bfc3420a30af8aaf4eee47c731432ab7e470e288d078b0a339bdfe9cab1ebfc7c3bb3dcebc4
  languageName: node
  linkType: hard

"call-bind@npm:^1.0.0":
  version: 1.0.2
  resolution: "call-bind@npm:1.0.2"
  dependencies:
    function-bind: "npm:^1.1.1"
    get-intrinsic: "npm:^1.0.2"
  checksum: 10c0/74ba3f31e715456e22e451d8d098779b861eba3c7cac0d9b510049aced70d75c231ba05071f97e1812c98e34e2bee734c0c6126653e0088c2d9819ca047f4073
  languageName: node
  linkType: hard

"chalk@npm:^2.3.2":
  version: 2.4.2
  resolution: "chalk@npm:2.4.2"
  dependencies:
    ansi-styles: "npm:^3.2.1"
    escape-string-regexp: "npm:^1.0.5"
    supports-color: "npm:^5.3.0"
  checksum: 10c0/e6543f02ec877732e3a2d1c3c3323ddb4d39fbab687c23f526e25bd4c6a9bf3b83a696e8c769d078e04e5754921648f7821b2a2acfd16c550435fd630026e073
  languageName: node
  linkType: hard

"color-convert@npm:^1.9.0":
  version: 1.9.3
  resolution: "color-convert@npm:1.9.3"
  dependencies:
    color-name: "npm:1.1.3"
  checksum: 10c0/5ad3c534949a8c68fca8fbc6f09068f435f0ad290ab8b2f76841b9e6af7e0bb57b98cb05b0e19fe33f5d91e5a8611ad457e5f69e0a484caad1f7487fd0e8253c
  languageName: node
  linkType: hard

"color-name@npm:1.1.3":
  version: 1.1.3
  resolution: "color-name@npm:1.1.3"
  checksum: 10c0/566a3d42cca25b9b3cd5528cd7754b8e89c0eb646b7f214e8e2eaddb69994ac5f0557d9c175eb5d8f0ad73531140d9c47525085ee752a91a2ab15ab459caf6d6
  languageName: node
  linkType: hard

"combined-stream@npm:^1.0.8":
  version: 1.0.8
  resolution: "combined-stream@npm:1.0.8"
  dependencies:
    delayed-stream: "npm:~1.0.0"
  checksum: 10c0/0dbb829577e1b1e839fa82b40c07ffaf7de8a09b935cadd355a73652ae70a88b4320db322f6634a4ad93424292fa80973ac6480986247f1734a1137debf271d5
  languageName: node
  linkType: hard

"delayed-stream@npm:~1.0.0":
  version: 1.0.0
  resolution: "delayed-stream@npm:1.0.0"
  checksum: 10c0/d758899da03392e6712f042bec80aa293bbe9e9ff1b2634baae6a360113e708b91326594c8a486d475c69d6259afb7efacdc3537bfcda1c6c648e390ce601b19
  languageName: node
  linkType: hard

"dotenv@npm:^16.4.5":
  version: 16.4.5
  resolution: "dotenv@npm:16.4.5"
  checksum: 10c0/48d92870076832af0418b13acd6e5a5a3e83bb00df690d9812e94b24aff62b88ade955ac99a05501305b8dc8f1b0ee7638b18493deb6fe93d680e5220936292f
  languageName: node
  linkType: hard

"edward-bot@workspace:.":
  version: 0.0.0-use.local
  resolution: "edward-bot@workspace:."
  dependencies:
    dotenv: "npm:^16.4.5"
    g4f: "npm:^1.4.3"
    guilded.js: "npm:^0.24.2"
    moment: "npm:^2.30.1"
    moment-duration-format: "npm:^2.3.2"
    mongodb: "npm:^6.5.0"
  languageName: unknown
  linkType: soft

"error-ex@npm:^1.3.1":
  version: 1.3.2
  resolution: "error-ex@npm:1.3.2"
  dependencies:
    is-arrayish: "npm:^0.2.1"
  checksum: 10c0/ba827f89369b4c93382cfca5a264d059dfefdaa56ecc5e338ffa58a6471f5ed93b71a20add1d52290a4873d92381174382658c885ac1a2305f7baca363ce9cce
  languageName: node
  linkType: hard

"escape-string-regexp@npm:^1.0.5":
  version: 1.0.5
  resolution: "escape-string-regexp@npm:1.0.5"
  checksum: 10c0/a968ad453dd0c2724e14a4f20e177aaf32bb384ab41b674a8454afe9a41c5e6fe8903323e0a1052f56289d04bd600f81278edf140b0fcc02f5cac98d0f5b5371
  languageName: node
  linkType: hard

"figures@npm:^2.0.0":
  version: 2.0.0
  resolution: "figures@npm:2.0.0"
  dependencies:
    escape-string-regexp: "npm:^1.0.5"
  checksum: 10c0/5dc5a75fec3e7e04ae65d6ce51d28b3e70d4656c51b06996b6fdb2cb5b542df512e3b3c04482f5193a964edddafa5521479ff948fa84e12ff556e53e094ab4ce
  languageName: node
  linkType: hard

"find-up@npm:^2.0.0":
  version: 2.1.0
  resolution: "find-up@npm:2.1.0"
  dependencies:
    locate-path: "npm:^2.0.0"
  checksum: 10c0/c080875c9fe28eb1962f35cbe83c683796a0321899f1eed31a37577800055539815de13d53495049697d3ba313013344f843bb9401dd337a1b832be5edfc6840
  languageName: node
  linkType: hard

"follow-redirects@npm:^1.15.6":
  version: 1.15.6
  resolution: "follow-redirects@npm:1.15.6"
  peerDependenciesMeta:
    debug:
      optional: true
  checksum: 10c0/9ff767f0d7be6aa6870c82ac79cf0368cd73e01bbc00e9eb1c2a16fbb198ec105e3c9b6628bb98e9f3ac66fe29a957b9645bcb9a490bb7aa0d35f908b6b85071
  languageName: node
  linkType: hard

"form-data@npm:^4.0.0":
  version: 4.0.0
  resolution: "form-data@npm:4.0.0"
  dependencies:
    asynckit: "npm:^0.4.0"
    combined-stream: "npm:^1.0.8"
    mime-types: "npm:^2.1.12"
  checksum: 10c0/cb6f3ac49180be03ff07ba3ff125f9eba2ff0b277fb33c7fc47569fc5e616882c5b1c69b9904c4c4187e97dd0419dd03b134174756f296dec62041e6527e2c6e
  languageName: node
  linkType: hard

"function-bind@npm:^1.1.1":
  version: 1.1.1
  resolution: "function-bind@npm:1.1.1"
  checksum: 10c0/60b74b2407e1942e1ed7f8c284f8ef714d0689dcfce5319985a5b7da3fc727f40b4a59ec72dc55aa83365ad7b8fa4fac3a30d93c850a2b452f29ae03dbc10a1e
  languageName: node
  linkType: hard

"g4f@npm:^1.4.3":
  version: 1.4.3
  resolution: "g4f@npm:1.4.3"
  dependencies:
    "@types/signale": "npm:^1.4.7"
    axios: "npm:^1.6.5"
    signale: "npm:^1.4.0"
  checksum: 10c0/e95145d377fe5eb2971af93025007f0fa17f39468c368a643aa7cdcdd189287fe0a5a2cc4dce1795716a5efa5fea1570804bf905f8e22579f180371acfd69335
  languageName: node
  linkType: hard

"get-intrinsic@npm:^1.0.2":
  version: 1.2.1
  resolution: "get-intrinsic@npm:1.2.1"
  dependencies:
    function-bind: "npm:^1.1.1"
    has: "npm:^1.0.3"
    has-proto: "npm:^1.0.1"
    has-symbols: "npm:^1.0.3"
  checksum: 10c0/49eab47f9de8f1a4f9b458b8b74ee5199fb2614414a91973eb175e07db56b52b6df49b255cc7ff704cb0786490fb93bfe8f2ad138b590a8de09b47116a366bc9
  languageName: node
  linkType: hard

"graceful-fs@npm:^4.1.2":
  version: 4.2.11
  resolution: "graceful-fs@npm:4.2.11"
  checksum: 10c0/386d011a553e02bc594ac2ca0bd6d9e4c22d7fa8cfbfc448a6d148c59ea881b092db9dbe3547ae4b88e55f1b01f7c4a2ecc53b310c042793e63aa44cf6c257f2
  languageName: node
  linkType: hard

"guilded.js@npm:^0.24.2":
  version: 0.24.2
  resolution: "guilded.js@npm:0.24.2"
  dependencies:
    "@discordjs/collection": "npm:^1.5.1"
    "@guildedjs/api": "npm:0.3.3"
    typed-emitter: "npm:2.1.0"
  checksum: 10c0/5f7e8a99330964a94815d90f7d2fdddb6df4de6b3167e8c1fe2ad750041127e28cdb58acc4c822539b27f56d95419e9567876b4c034e94b2f64accc62855598d
  languageName: node
  linkType: hard

"has-flag@npm:^3.0.0":
  version: 3.0.0
  resolution: "has-flag@npm:3.0.0"
  checksum: 10c0/1c6c83b14b8b1b3c25b0727b8ba3e3b647f99e9e6e13eb7322107261de07a4c1be56fc0d45678fc376e09772a3a1642ccdaf8fc69bdf123b6c086598397ce473
  languageName: node
  linkType: hard

"has-proto@npm:^1.0.1":
  version: 1.0.1
  resolution: "has-proto@npm:1.0.1"
  checksum: 10c0/c8a8fe411f810b23a564bd5546a8f3f0fff6f1b692740eb7a2fdc9df716ef870040806891e2f23ff4653f1083e3895bf12088703dd1a0eac3d9202d3a4768cd0
  languageName: node
  linkType: hard

"has-symbols@npm:^1.0.3":
  version: 1.0.3
  resolution: "has-symbols@npm:1.0.3"
  checksum: 10c0/e6922b4345a3f37069cdfe8600febbca791c94988c01af3394d86ca3360b4b93928bbf395859158f88099cb10b19d98e3bbab7c9ff2c1bd09cf665ee90afa2c3
  languageName: node
  linkType: hard

"has@npm:^1.0.3":
  version: 1.0.3
  resolution: "has@npm:1.0.3"
  dependencies:
    function-bind: "npm:^1.1.1"
  checksum: 10c0/e1da0d2bd109f116b632f27782cf23182b42f14972ca9540e4c5aa7e52647407a0a4a76937334fddcb56befe94a3494825ec22b19b51f5e5507c3153fd1a5e1b
  languageName: node
  linkType: hard

"is-arrayish@npm:^0.2.1":
  version: 0.2.1
  resolution: "is-arrayish@npm:0.2.1"
  checksum: 10c0/e7fb686a739068bb70f860b39b67afc62acc62e36bb61c5f965768abce1873b379c563e61dd2adad96ebb7edf6651111b385e490cf508378959b0ed4cac4e729
  languageName: node
  linkType: hard

"json-parse-better-errors@npm:^1.0.1":
  version: 1.0.2
  resolution: "json-parse-better-errors@npm:1.0.2"
  checksum: 10c0/2f1287a7c833e397c9ddd361a78638e828fc523038bb3441fd4fc144cfd2c6cd4963ffb9e207e648cf7b692600f1e1e524e965c32df5152120910e4903a47dcb
  languageName: node
  linkType: hard

"load-json-file@npm:^4.0.0":
  version: 4.0.0
  resolution: "load-json-file@npm:4.0.0"
  dependencies:
    graceful-fs: "npm:^4.1.2"
    parse-json: "npm:^4.0.0"
    pify: "npm:^3.0.0"
    strip-bom: "npm:^3.0.0"
  checksum: 10c0/6b48f6a0256bdfcc8970be2c57f68f10acb2ee7e63709b386b2febb6ad3c86198f840889cdbe71d28f741cbaa2f23a7771206b138cd1bdd159564511ca37c1d5
  languageName: node
  linkType: hard

"locate-path@npm:^2.0.0":
  version: 2.0.0
  resolution: "locate-path@npm:2.0.0"
  dependencies:
    p-locate: "npm:^2.0.0"
    path-exists: "npm:^3.0.0"
  checksum: 10c0/24efa0e589be6aa3c469b502f795126b26ab97afa378846cb508174211515633b770aa0ba610cab113caedab8d2a4902b061a08aaed5297c12ab6f5be4df0133
  languageName: node
  linkType: hard

"memory-pager@npm:^1.0.2":
  version: 1.5.0
  resolution: "memory-pager@npm:1.5.0"
  checksum: 10c0/2596e80c99fee24f05bd8a20cde2ee899012c996f4ec361ac76ed6f009f34149d733ac6f76880106ccd6a66d062ad439357578d383d429df66ba1278f68806e9
  languageName: node
  linkType: hard

"mime-db@npm:1.52.0":
  version: 1.52.0
  resolution: "mime-db@npm:1.52.0"
  checksum: 10c0/0557a01deebf45ac5f5777fe7740b2a5c309c6d62d40ceab4e23da9f821899ce7a900b7ac8157d4548ddbb7beffe9abc621250e6d182b0397ec7f10c7b91a5aa
  languageName: node
  linkType: hard

"mime-types@npm:^2.1.12":
  version: 2.1.35
  resolution: "mime-types@npm:2.1.35"
  dependencies:
    mime-db: "npm:1.52.0"
  checksum: 10c0/82fb07ec56d8ff1fc999a84f2f217aa46cb6ed1033fefaabd5785b9a974ed225c90dc72fff460259e66b95b73648596dbcc50d51ed69cdf464af2d237d3149b2
  languageName: node
  linkType: hard

"moment-duration-format@npm:^2.3.2":
  version: 2.3.2
  resolution: "moment-duration-format@npm:2.3.2"
  checksum: 10c0/c1783bdfaeb92400972845d62418b97bc38b53a85ecc222a36b4c2713fad64f628c70fa35834aa88487a6f4423fe02bfa08377506cfe217aeadcb86c19834da2
  languageName: node
  linkType: hard

"moment@npm:^2.30.1":
  version: 2.30.1
  resolution: "moment@npm:2.30.1"
  checksum: 10c0/865e4279418c6de666fca7786607705fd0189d8a7b7624e2e56be99290ac846f90878a6f602e34b4e0455c549b85385b1baf9966845962b313699e7cb847543a
  languageName: node
  linkType: hard

"mongodb-connection-string-url@npm:^3.0.0":
  version: 3.0.0
  resolution: "mongodb-connection-string-url@npm:3.0.0"
  dependencies:
    "@types/whatwg-url": "npm:^11.0.2"
    whatwg-url: "npm:^13.0.0"
  checksum: 10c0/f2b779f51869da20b2ba2af5157a1d04376be938241fee741c0a0572ecbbd4c97f169fb2b33d19eec5c9537e0d9a6c48e6d4cc8cc3b6b330ab57159760f6a4cf
  languageName: node
  linkType: hard

"mongodb@npm:^6.5.0":
  version: 6.5.0
  resolution: "mongodb@npm:6.5.0"
  dependencies:
    "@mongodb-js/saslprep": "npm:^1.1.5"
    bson: "npm:^6.4.0"
    mongodb-connection-string-url: "npm:^3.0.0"
  peerDependencies:
    "@aws-sdk/credential-providers": ^3.188.0
    "@mongodb-js/zstd": ^1.1.0
    gcp-metadata: ^5.2.0
    kerberos: ^2.0.1
    mongodb-client-encryption: ">=6.0.0 <7"
    snappy: ^7.2.2
    socks: ^2.7.1
  peerDependenciesMeta:
    "@aws-sdk/credential-providers":
      optional: true
    "@mongodb-js/zstd":
      optional: true
    gcp-metadata:
      optional: true
    kerberos:
      optional: true
    mongodb-client-encryption:
      optional: true
    snappy:
      optional: true
    socks:
      optional: true
  checksum: 10c0/d51f8673b76f073ef5d0101d96b1adc3ebacd63890771cb72ae245081415887a2e0b5a9451b18e370f930d63173f2af68fac98371487995ae921140756fe510b
  languageName: node
  linkType: hard

"node-fetch@npm:2.6.11":
  version: 2.6.11
  resolution: "node-fetch@npm:2.6.11"
  dependencies:
    whatwg-url: "npm:^5.0.0"
  peerDependencies:
    encoding: ^0.1.0
  peerDependenciesMeta:
    encoding:
      optional: true
  checksum: 10c0/3ec847ca43f678d07b80abfd85bdf06523c2554ee9a494c992c5fc61f5d9cde9f9f16aa33ff09a62f19eee9d54813b8850d7f054cdfee8b2daf789c57f8eeaea
  languageName: node
  linkType: hard

"object-inspect@npm:^1.9.0":
  version: 1.12.3
  resolution: "object-inspect@npm:1.12.3"
  checksum: 10c0/752bb5f4dc595e214157ea8f442adb77bdb850ace762b078d151d8b6486331ab12364997a89ee6509be1023b15adf2b3774437a7105f8a5043dfda11ed622411
  languageName: node
  linkType: hard

"p-limit@npm:^1.1.0":
  version: 1.3.0
  resolution: "p-limit@npm:1.3.0"
  dependencies:
    p-try: "npm:^1.0.0"
  checksum: 10c0/5c1b1d53d180b2c7501efb04b7c817448e10efe1ba46f4783f8951994d5027e4cd88f36ad79af50546682594c4ebd11702ac4b9364c47f8074890e2acad0edee
  languageName: node
  linkType: hard

"p-locate@npm:^2.0.0":
  version: 2.0.0
  resolution: "p-locate@npm:2.0.0"
  dependencies:
    p-limit: "npm:^1.1.0"
  checksum: 10c0/82da4be88fb02fd29175e66021610c881938d3cc97c813c71c1a605fac05617d57fd5d3b337494a6106c0edb2a37c860241430851411f1b265108cead34aee67
  languageName: node
  linkType: hard

"p-try@npm:^1.0.0":
  version: 1.0.0
  resolution: "p-try@npm:1.0.0"
  checksum: 10c0/757ba31de5819502b80c447826fac8be5f16d3cb4fbf9bc8bc4971dba0682e84ac33e4b24176ca7058c69e29f64f34d8d9e9b08e873b7b7bb0aa89d620fa224a
  languageName: node
  linkType: hard

"parse-json@npm:^4.0.0":
  version: 4.0.0
  resolution: "parse-json@npm:4.0.0"
  dependencies:
    error-ex: "npm:^1.3.1"
    json-parse-better-errors: "npm:^1.0.1"
  checksum: 10c0/8d80790b772ccb1bcea4e09e2697555e519d83d04a77c2b4237389b813f82898943a93ffff7d0d2406203bdd0c30dcf95b1661e3a53f83d0e417f053957bef32
  languageName: node
  linkType: hard

"path-exists@npm:^3.0.0":
  version: 3.0.0
  resolution: "path-exists@npm:3.0.0"
  checksum: 10c0/17d6a5664bc0a11d48e2b2127d28a0e58822c6740bde30403f08013da599182289c56518bec89407e3f31d3c2b6b296a4220bc3f867f0911fee6952208b04167
  languageName: node
  linkType: hard

"pify@npm:^3.0.0":
  version: 3.0.0
  resolution: "pify@npm:3.0.0"
  checksum: 10c0/fead19ed9d801f1b1fcd0638a1ac53eabbb0945bf615f2f8806a8b646565a04a1b0e7ef115c951d225f042cca388fdc1cd3add46d10d1ed6951c20bd2998af10
  languageName: node
  linkType: hard

"pkg-conf@npm:^2.1.0":
  version: 2.1.0
  resolution: "pkg-conf@npm:2.1.0"
  dependencies:
    find-up: "npm:^2.0.0"
    load-json-file: "npm:^4.0.0"
  checksum: 10c0/e1474a4f7714ee78204b4a7f2316dec9e59887762bdc126ebd0eb701bbde7c6a6da65c4dc9c2a7c1eaeee49914009bf4a4368f5d9894c596ddf812ff982fdb05
  languageName: node
  linkType: hard

"proxy-from-env@npm:^1.1.0":
  version: 1.1.0
  resolution: "proxy-from-env@npm:1.1.0"
  checksum: 10c0/fe7dd8b1bdbbbea18d1459107729c3e4a2243ca870d26d34c2c1bcd3e4425b7bcc5112362df2d93cc7fb9746f6142b5e272fd1cc5c86ddf8580175186f6ad42b
  languageName: node
  linkType: hard

"punycode@npm:^2.3.0":
  version: 2.3.1
  resolution: "punycode@npm:2.3.1"
  checksum: 10c0/14f76a8206bc3464f794fb2e3d3cc665ae416c01893ad7a02b23766eb07159144ee612ad67af5e84fa4479ccfe67678c4feb126b0485651b302babf66f04f9e9
  languageName: node
  linkType: hard

"qs@npm:^6.11.2":
  version: 6.11.2
  resolution: "qs@npm:6.11.2"
  dependencies:
    side-channel: "npm:^1.0.4"
  checksum: 10c0/4f95d4ff18ed480befcafa3390022817ffd3087fc65f146cceb40fc5edb9fa96cb31f648cae2fa96ca23818f0798bd63ad4ca369a0e22702fcd41379b3ab6571
  languageName: node
  linkType: hard

"rxjs@npm:*":
  version: 7.8.1
  resolution: "rxjs@npm:7.8.1"
  dependencies:
    tslib: "npm:^2.1.0"
  checksum: 10c0/3c49c1ecd66170b175c9cacf5cef67f8914dcbc7cd0162855538d365c83fea631167cacb644b3ce533b2ea0e9a4d0b12175186985f89d75abe73dbd8f7f06f68
  languageName: node
  linkType: hard

"side-channel@npm:^1.0.4":
  version: 1.0.4
  resolution: "side-channel@npm:1.0.4"
  dependencies:
    call-bind: "npm:^1.0.0"
    get-intrinsic: "npm:^1.0.2"
    object-inspect: "npm:^1.9.0"
  checksum: 10c0/054a5d23ee35054b2c4609b9fd2a0587760737782b5d765a9c7852264710cc39c6dcb56a9bbd6c12cd84071648aea3edb2359d2f6e560677eedadce511ac1da5
  languageName: node
  linkType: hard

"signale@npm:^1.4.0":
  version: 1.4.0
  resolution: "signale@npm:1.4.0"
  dependencies:
    chalk: "npm:^2.3.2"
    figures: "npm:^2.0.0"
    pkg-conf: "npm:^2.1.0"
  checksum: 10c0/3b637421368a30805da3948f82350cb9959ddfb19073f44609495384b98baba1c62b1c5c094db57000836c8bc84c6c05c979aa7e072ceeaaf0032d7991b329c7
  languageName: node
  linkType: hard

"sparse-bitfield@npm:^3.0.3":
  version: 3.0.3
  resolution: "sparse-bitfield@npm:3.0.3"
  dependencies:
    memory-pager: "npm:^1.0.2"
  checksum: 10c0/248c6ff7b5e354735e1daac4059222a29c9d291dfcf265daf675d13515eeaac454cfcccd687c8d134f86698b39abd7ad4d7434f7272dd6f8e41a00f21aae4194
  languageName: node
  linkType: hard

"strip-bom@npm:^3.0.0":
  version: 3.0.0
  resolution: "strip-bom@npm:3.0.0"
  checksum: 10c0/51201f50e021ef16672593d7434ca239441b7b760e905d9f33df6e4f3954ff54ec0e0a06f100d028af0982d6f25c35cd5cda2ce34eaebccd0250b8befb90d8f1
  languageName: node
  linkType: hard

"supports-color@npm:^5.3.0":
  version: 5.5.0
  resolution: "supports-color@npm:5.5.0"
  dependencies:
    has-flag: "npm:^3.0.0"
  checksum: 10c0/6ae5ff319bfbb021f8a86da8ea1f8db52fac8bd4d499492e30ec17095b58af11f0c55f8577390a749b1c4dde691b6a0315dab78f5f54c9b3d83f8fb5905c1c05
  languageName: node
  linkType: hard

"tr46@npm:^4.1.1":
  version: 4.1.1
  resolution: "tr46@npm:4.1.1"
  dependencies:
    punycode: "npm:^2.3.0"
  checksum: 10c0/92085dcf186f56a49ba4124a581d9ae6a5d0cd4878107c34e2e670b9ddc49da85e4950084bb3e75015195cc23f37ae1c02d45064e94dd6018f5e789aa51d93a8
  languageName: node
  linkType: hard

"tr46@npm:~0.0.3":
  version: 0.0.3
  resolution: "tr46@npm:0.0.3"
  checksum: 10c0/047cb209a6b60c742f05c9d3ace8fa510bff609995c129a37ace03476a9b12db4dbf975e74600830ef0796e18882b2381fb5fb1f6b4f96b832c374de3ab91a11
  languageName: node
  linkType: hard

"tslib@npm:^2.1.0":
  version: 2.5.2
  resolution: "tslib@npm:2.5.2"
  checksum: 10c0/34fa100454708fa8acb7afc2b07d80e0332081e2075ddd912ba959af3b24f969663dac6d602961e57371dc05683badb83b3186ada92c4631ec777e02e3aab608
  languageName: node
  linkType: hard

"typed-emitter@npm:2.1.0":
  version: 2.1.0
  resolution: "typed-emitter@npm:2.1.0"
  dependencies:
    rxjs: "npm:*"
  dependenciesMeta:
    rxjs:
      optional: true
  checksum: 10c0/01fc354ba8e87bd39b1bf4fe1c96fe7ecff7fde83161003b0f8c7f4b285a368052e185ba655dd8c102c4445301b7a1e032c8972f181b440fc95bd810450f1314
  languageName: node
  linkType: hard

"webidl-conversions@npm:^3.0.0":
  version: 3.0.1
  resolution: "webidl-conversions@npm:3.0.1"
  checksum: 10c0/5612d5f3e54760a797052eb4927f0ddc01383550f542ccd33d5238cfd65aeed392a45ad38364970d0a0f4fea32e1f4d231b3d8dac4a3bdd385e5cf802ae097db
  languageName: node
  linkType: hard

"webidl-conversions@npm:^7.0.0":
  version: 7.0.0
  resolution: "webidl-conversions@npm:7.0.0"
  checksum: 10c0/228d8cb6d270c23b0720cb2d95c579202db3aaf8f633b4e9dd94ec2000a04e7e6e43b76a94509cdb30479bd00ae253ab2371a2da9f81446cc313f89a4213a2c4
  languageName: node
  linkType: hard

"whatwg-url@npm:^13.0.0":
  version: 13.0.0
  resolution: "whatwg-url@npm:13.0.0"
  dependencies:
    tr46: "npm:^4.1.1"
    webidl-conversions: "npm:^7.0.0"
  checksum: 10c0/06b0c1808bb80eaab6582087bd8be594a1947843cbb0ce1a90635841a549a5849dff5be2b28f5b1b596ef70ea4c3df5c599d35b160899d12343334149851e688
  languageName: node
  linkType: hard

"whatwg-url@npm:^5.0.0":
  version: 5.0.0
  resolution: "whatwg-url@npm:5.0.0"
  dependencies:
    tr46: "npm:~0.0.3"
    webidl-conversions: "npm:^3.0.0"
  checksum: 10c0/1588bed84d10b72d5eec1d0faa0722ba1962f1821e7539c535558fb5398d223b0c50d8acab950b8c488b4ba69043fd833cc2697056b167d8ad46fac3995a55d5
  languageName: node
  linkType: hard

"ws@npm:8.13.0":
  version: 8.13.0
  resolution: "ws@npm:8.13.0"
  peerDependencies:
    bufferutil: ^4.0.1
    utf-8-validate: ">=5.0.2"
  peerDependenciesMeta:
    bufferutil:
      optional: true
    utf-8-validate:
      optional: true
  checksum: 10c0/579817dbbab3ee46669129c220cfd81ba6cdb9ab5c3e9a105702dd045743c4ab72e33bb384573827c0c481213417cc880e41bc097e0fc541a0b79fa3eb38207d
  languageName: node
  linkType: hard
