# THIS IS AN AUTOGENERATED FILE. DO NOT EDIT THIS FILE DIRECTLY.
# yarn lockfile v1


"@discordjs/collection@^0.1.6":
  version "0.1.6"
  resolved "https://registry.yarnpkg.com/@discordjs/collection/-/collection-0.1.6.tgz#9e9a7637f4e4e0688fd8b2b5c63133c91607682c"
  integrity sha512-utRNxnd9kSS2qhyivo9lMlt5qgAUasH2gb7BEOn6p0efFh24gjGomHzWKMAPn2hEReOPQZCJaRKoURwRotKucQ==

"@guildedjs/common@^1.0.3":
  version "1.0.3"
  resolved "https://registry.yarnpkg.com/@guildedjs/common/-/common-1.0.3.tgz#0931c79122014166ae4c196318c4f9a499fc27d1"
  integrity sha512-MqJJ/P+qs/sgP9wt9rlTOh0rPta2rXteHzwpFv2HOTbBAXuYU0KDMoIkL/PVAZxeBB32jEV0EPtZa7iLXHCLMg==
  dependencies:
    "@discordjs/collection" "^0.1.6"
    "@guildedjs/embeds" "^1.0.3"
    uuid "^8.3.2"

"@guildedjs/embeds@^1.0.3":
  version "1.0.3"
  resolved "https://registry.yarnpkg.com/@guildedjs/embeds/-/embeds-1.0.3.tgz#aa565fb2ee4b1a991ac72e0b222637327f286344"
  integrity sha512-IbSO9WUo4I8JwT4ryJ3HChJueppxlT18iIY3JWU2rzVcfRmNSZ/LA0psLDmszjcsPbwQ4o26xncX8A7vw5urvQ==

"@guildedjs/guilded.js@^2.2.1":
  version "2.2.1"
  resolved "https://registry.yarnpkg.com/@guildedjs/guilded.js/-/guilded.js-2.2.1.tgz#dcf7717fcfaf2fda5e582d10956fa500a54c7666"
  integrity sha512-TBLv93ATaRa5eTkH42K9VHr5DXhYLyqKwcWavPxRoj2Js0H1vQRvPMsIXFDDsUMjDu+SEEageo0Z99ZrWPLJcA==
  dependencies:
    "@discordjs/collection" "^0.1.6"
    "@guildedjs/common" "^1.0.3"
    "@guildedjs/embeds" "^1.0.3"
    "@guildedjs/rest" "^1.0.4"
    "@guildedjs/webhook-client" "^1.0.4"
    ws "^7.4.0"

"@guildedjs/rest@^1.0.4":
  version "1.0.4"
  resolved "https://registry.yarnpkg.com/@guildedjs/rest/-/rest-1.0.4.tgz#de59dbcbe717c1739900b4d0c47960ee0d283608"
  integrity sha512-9RYkIQgLh799Vm5p/RcjfmRuwIYfq6diCKf8uJPrFcSVH/JZyyW5ZBahYyAVi0WpJoD/OBM+CGf5axfStGdTBw==
  dependencies:
    node-fetch "^2.6.1"

"@guildedjs/webhook-client@^1.0.4":
  version "1.0.4"
  resolved "https://registry.yarnpkg.com/@guildedjs/webhook-client/-/webhook-client-1.0.4.tgz#e32b260fe02249292f2bcb23ca300f28e76392fd"
  integrity sha512-Z56NetVQ072OShgg6N6kEab+K4jgS6/QHAvNj6e1kRNN/apIWq+jmpzDUA88fIrL71NUXDjvhFmi9AwtduKpnQ==
  dependencies:
    "@guildedjs/common" "^1.0.3"
    "@guildedjs/embeds" "^1.0.3"
    "@guildedjs/rest" "^1.0.4"
    node-fetch "^2.6.1"

node-fetch@^2.6.1:
  version "2.6.2"
  resolved "https://registry.yarnpkg.com/node-fetch/-/node-fetch-2.6.2.tgz#986996818b73785e47b1965cc34eb093a1d464d0"
  integrity sha512-aLoxToI6RfZ+0NOjmWAgn9+LEd30YCkJKFSyWacNZdEKTit/ZMcKjGkTRo8uWEsnIb/hfKecNPEbln02PdWbcA==

uuid@^8.3.2:
  version "8.3.2"
  resolved "https://registry.yarnpkg.com/uuid/-/uuid-8.3.2.tgz#80d5b5ced271bb9af6c445f21a1a04c606cefbe2"
  integrity sha512-+NYs2QeMWy+GWFOEm9xnn6HCDp0l7QBD7ml8zLUmJ+93Q5NF0NocErnwkTkXVFNiX3/fpC6afS8Dhb/gz7R7eg==

ws@^7.4.0:
  version "7.5.5"
  resolved "https://registry.yarnpkg.com/ws/-/ws-7.5.5.tgz#8b4bc4af518cfabd0473ae4f99144287b33eb881"
  integrity sha512-BAkMFcAzl8as1G/hArkxOxq3G7pjUqQ3gzYbLL0/5zNkph70e+lCoxBGnm6AW1+/aiNeV4fnKqZ8m4GZewmH2w==
